
Microsoft Visual Studio Solution File, Format Version 12.00
# Visual Studio Version 16
VisualStudioVersion = 16.0.30204.135
MinimumVisualStudioVersion = 10.0.40219.1
Project("{FAE04EC0-301F-11D3-BF4B-00C04F79EFBC}") = "Site.MVC", "Site.MVC\Site.MVC.csproj", "{412D1E73-CF74-469F-A8AE-0B4DB2F11D04}"
EndProject
Global
	GlobalSection(SolutionConfigurationPlatforms) = preSolution
		Debug|Any CPU = Debug|Any CPU
		Release|Any CPU = Release|Any CPU
	EndGlobalSection
	GlobalSection(ProjectConfigurationPlatforms) = postSolution
		{412D1E73-CF74-469F-A8AE-0B4DB2F11D04}.Debug|Any CPU.ActiveCfg = Debug|Any CPU
		{412D1E73-CF74-469F-A8AE-0B4DB2F11D04}.Debug|Any CPU.Build.0 = Debug|Any CPU
		{412D1E73-CF74-469F-A8AE-0B4DB2F11D04}.Release|Any CPU.ActiveCfg = Release|Any CPU
		{412D1E73-CF74-469F-A8AE-0B4DB2F11D04}.Release|Any CPU.Build.0 = Release|Any CPU
	EndGlobalSection
	GlobalSection(SolutionProperties) = preSolution
		HideSolutionNode = FALSE
	EndGlobalSection
	GlobalSection(ExtensibilityGlobals) = postSolution
		SolutionGuid = {906E68DE-DD4E-4181-836E-4789905FBF23}
	EndGlobalSection
EndGlobal
